
Microsoft Visual Studio Solution File, Format Version 12.00
# Visual Studio Version 17
VisualStudioVersion = 17.9.34728.123
MinimumVisualStudioVersion = 10.0.40219.1
Project("{D954291E-2A0B-460D-934E-DC6B0785DB48}") = "ProloAPI", "ProloAPI.shproj", "{CCA408B5-118C-4C25-96DC-6DBD9127BB62}"
EndProject
Global
	GlobalSection(SolutionProperties) = preSolution
		HideSolutionNode = FALSE
	EndGlobalSection
	GlobalSection(ExtensibilityGlobals) = postSolution
		SolutionGuid = {6AD033D0-FA3A-4362-8E95-70A63B6CAA19}
	EndGlobalSection
	GlobalSection(SharedMSBuildProjectFiles) = preSolution
		ProloAPI.projitems*{cca408b5-118c-4c25-96dc-6dbd9127bb62}*SharedItemsImports = 13
	EndGlobalSection
EndGlobal
